# generated by rye
# use `rye lock` or `rye sync` to update this lockfile
#
# last locked with the following flags:
#   pre: false
#   features: []
#   all-features: false
#   with-sources: false
#   generate-hashes: false
#   universal: false

-e file:.
click==8.1.7
    # via semu
colorama==0.4.6
    # via click
    # via pytest
importlib-metadata==8.0.0
    # via yapf
iniconfig==2.0.0
    # via pytest
packaging==24.1
    # via pytest
platformdirs==4.2.2
    # via yapf
pluggy==1.5.0
    # via pytest
pyparsing==3.1.2
    # via semu
pytest==8.2.2
tomli==2.0.1
    # via yapf
yapf==0.40.2
zipp==3.19.2
    # via importlib-metadata
